// !$*UTF8*$!
{
	archiveVersion = 1;
	classes = {
	};
	objectVersion = 46;
	objects = {

/* Begin PBXBuildFile section */
		85E1DE551BA7BB9400D8CE1E /* main.cpp in Sources */ = {isa = PBXBuildFile; fileRef = 85E1DE541BA7BB9400D8CE1E /* main.cpp */; };
/* End PBXBuildFile section */

/* Begin PBXCopyFilesBuildPhase section */
		85E1DE4F1BA7BB9400D8CE1E /* CopyFiles */ = {
			isa = PBXCopyFilesBuildPhase;
			buildActionMask = 2147483647;
			dstPath = /usr/share/man/man1/;
			dstSubfolderSpec = 0;
			files = (
			);
			runOnlyForDeploymentPostprocessing = 1;
		};
/* End PBXCopyFilesBuildPhase section */

/* Begin PBXFileReference section */
		85E1DE511BA7BB9400D8CE1E /* Air Resistance Calculator */ = {isa = PBXFileReference; explicitFileType = "compiled.mach-o.executable"; includeInIndex = 0; path = "Air Resistance Calculator"; sourceTree = BUILT_PRODUCTS_DIR; };
		85E1DE541BA7BB9400D8CE1E /* main.cpp */ = {isa = PBXFileReference; lastKnownFileType = sourcecode.cpp.cpp; path = main.cpp; sourceTree = "<group>"; };
/* End PBXFileReference section */

/* Begin PBXFrameworksBuildPhase section */
		85E1DE4E1BA7BB9400D8CE1E /* Frameworks */ = {
			isa = PBXFrameworksBuildPhase;
			buildActionMask = 2147483647;
			files = (
			);
			runOnlyForDeploymentPostprocessing = 0;
		};
/* End PBXFrameworksBuildPhase section */

/* Begin PBXGroup section */
		85E1DE481BA7BB9400D8CE1E = {
			isa = PBXGroup;
			children = (
				85E1DE531BA7BB9400D8CE1E /* Air Resistance Calculator */,
				85E1DE521BA7BB9400D8CE1E /* Products */,
			);
			sourceTree = "<group>";
		};
		85E1DE521BA7BB9400D8CE1E /* Products */ = {
			isa = PBXGroup;
			children = (
				85E1DE511BA7BB9400D8CE1E /* Air Resistance Calculator */,
			);
			name = Products;
			sourceTree = "<group>";
		};
		85E1DE531BA7BB9400D8CE1E /* Air Resistance Calculator */ = {
			isa = PBXGroup;
			children = (
				85E1DE541BA7BB9400D8CE1E /* main.cpp */,
			);
			path = "Air Resistance Calculator";
			sourceTree = "<group>";
		};
/* End PBXGroup section */

/* Begin PBXNativeTarget section */
		85E1DE501BA7BB9400D8CE1E /* Air Resistance Calculator */ = {
			isa = PBXNativeTarget;
			buildConfigurationList = 85E1DE581BA7BB9400D8CE1E /* Build configuration list for PBXNativeTarget "Air Resistance Calculator" */;
			buildPhases = (
				85E1DE4D1BA7BB9400D8CE1E /* Sources */,
				85E1DE4E1BA7BB9400D8CE1E /* Frameworks */,
				85E1DE4F1BA7BB9400D8CE1E /* CopyFiles */,
			);
			buildRules = (
			);
			dependencies = (
			);
			name = "Air Resistance Calculator";
			productName = "Air Resistance Calculator";
			productReference = 85E1DE511BA7BB9400D8CE1E /* Air Resistance Calculator */;
			productType = "com.apple.product-type.tool";
		};
/* End PBXNativeTarget section */

/* Begin PBXProject section */
		85E1DE491BA7BB9400D8CE1E /* Project object */ = {
			isa = PBXProject;
			attributes = {
				LastUpgradeCheck = 0640;
				ORGANIZATIONNAME = "Liam Clink";
				TargetAttributes = {
					85E1DE501BA7BB9400D8CE1E = {
						CreatedOnToolsVersion = 6.4;
					};
				};
			};
			buildConfigurationList = 85E1DE4C1BA7BB9400D8CE1E /* Build configuration list for PBXProject "Air Resistance Calculator" */;
			compatibilityVersion = "Xcode 3.2";
			developmentRegion = English;
			hasScannedForEncodings = 0;
			knownRegions = (
				en,
			);
			mainGroup = 85E1DE481BA7BB9400D8CE1E;
			productRefGroup = 85E1DE521BA7BB9400D8CE1E /* Products */;
			projectDirPath = "";
			projectRoot = "";
			targets = (
				85E1DE501BA7BB9400D8CE1E /* Air Resistance Calculator */,
			);
		};
/* End PBXProject section */

/* Begin PBXSourcesBuildPhase section */
		85E1DE4D1BA7BB9400D8CE1E /* Sources */ = {
			isa = PBXSourcesBuildPhase;
			buildActionMask = 2147483647;
			files = (
				85E1DE551BA7BB9400D8CE1E /* main.cpp in Sources */,
			);
			runOnlyForDeploymentPostprocessing = 0;
		};
/* End PBXSourcesBuildPhase section */

/* Begin XCBuildConfiguration section */
		85E1DE561BA7BB9400D8CE1E /* Debug */ = {
			isa = XCBuildConfiguration;
			buildSettings = {
				ALWAYS_SEARCH_USER_PATHS = NO;
				CLANG_CXX_LANGUAGE_STANDARD = "gnu++0x";
				CLANG_CXX_LIBRARY = "libc++";
				CLANG_ENABLE_MODULES = YES;
				CLANG_ENABLE_OBJC_ARC = YES;
				CLANG_WARN_BOOL_CONVERSION = YES;
				CLANG_WARN_CONSTANT_CONVERSION = YES;
				CLANG_WARN_DIRECT_OBJC_ISA_USAGE = YES_ERROR;
				CLANG_WARN_EMPTY_BODY = YES;
				CLANG_WARN_ENUM_CONVERSION = YES;
				CLANG_WARN_INT_CONVERSION = YES;
				CLANG_WARN_OBJC_ROOT_CLASS = YES_ERROR;
				CLANG_WARN_UNREACHABLE_CODE = YES;
				CLANG_WARN__DUPLICATE_METHOD_MATCH = YES;
				COPY_PHASE_STRIP = NO;
				DEBUG_INFORMATION_FORMAT = dwarf;
				ENABLE_STRICT_OBJC_MSGSEND = YES;
				GCC_C_LANGUAGE_STANDARD = gnu99;
				GCC_DYNAMIC_NO_PIC = NO;
				GCC_NO_COMMON_BLOCKS = YES;
				GCC_OPTIMIZATION_LEVEL = 0;
				GCC_PREPROCESSOR_DEFINITIONS = (
					"DEBUG=1",
					"$(inherited)",
				);
				GCC_SYMBOLS_PRIVATE_EXTERN = NO;
				GCC_WARN_64_TO_32_BIT_CONVERSION = YES;
				GCC_WARN_ABOUT_RETURN_TYPE = YES_ERROR;
				GCC_WARN_UNDECLARED_SELECTOR = YES;
				GCC_WARN_UNINITIALIZED_AUTOS = YES_AGGRESSIVE;
				GCC_WARN_UNUSED_FUNCTION = YES;
				GCC_WARN_UNUSED_VARIABLE = YES;
				MACOSX_DEPLOYMENT_TARGET = 10.10;
				MTL_ENABLE_DEBUG_INFO = YES;
				ONLY_ACTIVE_ARCH = YES;
				SDKROOT = macosx;
			};
			name = Debug;
		};
		85E1DE571BA7BB9400D8CE1E /* Release */ = {
			isa = XCBuildConfiguration;
			buildSettings = {
				ALWAYS_SEARCH_USER_PATHS = NO;
				CLANG_CXX_LANGUAGE_STANDARD = "gnu++0x";
				CLANG_CXX_LIBRARY = "libc++";
				CLANG_ENABLE_MODULES = YES;
				CLANG_ENABLE_OBJC_ARC = YES;
				CLANG_WARN_BOOL_CONVERSION = YES;
				CLANG_WARN_CONSTANT_CONVERSION = YES;
				CLANG_WARN_DIRECT_OBJC_ISA_USAGE = YES_ERROR;
				CLANG_WARN_EMPTY_BODY = YES;
				CLANG_WARN_ENUM_CONVERSION = YES;
				CLANG_WARN_INT_CONVERSION = YES;
				CLANG_WARN_OBJC_ROOT_CLASS = YES_ERROR;
				CLANG_WARN_UNREACHABLE_CODE = YES;
				CLANG_WARN__DUPLICATE_METHOD_MATCH = YES;
				COPY_PHASE_STRIP = NO;
				DEBUG_INFORMATION_FORMAT = "dwarf-with-dsym";
				ENABLE_NS_ASSERTIONS = NO;
				ENABLE_STRICT_OBJC_MSGSEND = YES;
				GCC_C_LANGUAGE_STANDARD = gnu99;
				GCC_NO_COMMON_BLOCKS = YES;
				GCC_WARN_64_TO_32_BIT_CONVERSION = YES;
				GCC_WARN_ABOUT_RETURN_TYPE = YES_ERROR;
				GCC_WARN_UNDECLARED_SELECTOR = YES;
				GCC_WARN_UNINITIALIZED_AUTOS = YES_AGGRESSIVE;
				GCC_WARN_UNUSED_FUNCTION = YES;
				GCC_WARN_UNUSED_VARIABLE = YES;
				MACOSX_DEPLOYMENT_TARGET = 10.10;
				MTL_ENABLE_DEBUG_INFO = NO;
				SDKROOT = macosx;
			};
			name = Release;
		};
		85E1DE591BA7BB9400D8CE1E /* Debug */ = {
			isa = XCBuildConfiguration;
			buildSettings = {
				PRODUCT_NAME = "$(TARGET_NAME)";
			};
			name = Debug;
		};
		85E1DE5A1BA7BB9400D8CE1E /* Release */ = {
			isa = XCBuildConfiguration;
			buildSettings = {
				PRODUCT_NAME = "$(TARGET_NAME)";
			};
			name = Release;
		};
/* End XCBuildConfiguration section */

/* Begin XCConfigurationList section */
		85E1DE4C1BA7BB9400D8CE1E /* Build configuration list for PBXProject "Air Resistance Calculator" */ = {
			isa = XCConfigurationList;
			buildConfigurations = (
				85E1DE561BA7BB9400D8CE1E /* Debug */,
				85E1DE571BA7BB9400D8CE1E /* Release */,
			);
			defaultConfigurationIsVisible = 0;
			defaultConfigurationName = Release;
		};
		85E1DE581BA7BB9400D8CE1E /* Build configuration list for PBXNativeTarget "Air Resistance Calculator" */ = {
			isa = XCConfigurationList;
			buildConfigurations = (
				85E1DE591BA7BB9400D8CE1E /* Debug */,
				85E1DE5A1BA7BB9400D8CE1E /* Release */,
			);
			defaultConfigurationIsVisible = 0;
		};
/* End XCConfigurationList section */
	};
	rootObject = 85E1DE491BA7BB9400D8CE1E /* Project object */;
}
